
Microsoft Visual Studio Solution File, Format Version 11.00
# Visual Studio 2010
Project("{8BC9CEB8-8B4A-11D0-8D11-00A0C91BC942}") = "pdfprocessing", "pdfprocessing\pdfprocessing.vcxproj", "{B2484088-7C14-4B45-94DB-24922A6DF718}"
EndProject
Project("{8BC9CEB8-8B4A-11D0-8D11-00A0C91BC942}") = "sample", "sample\sample.vcxproj", "{7C937D94-4929-4262-BAC9-C49028875F68}"
	ProjectSection(ProjectDependencies) = postProject
		{B2484088-7C14-4B45-94DB-24922A6DF718} = {B2484088-7C14-4B45-94DB-24922A6DF718}
	EndProjectSection
EndProject
Global
	GlobalSection(SolutionConfigurationPlatforms) = preSolution
		Debug Multithreaded|Win32 = Debug Multithreaded|Win32
		Debug Singlethreaded|Win32 = Debug Singlethreaded|Win32
		Debug|Win32 = Debug|Win32
		Release Multithreaded|Win32 = Release Multithreaded|Win32
		Release Singlethreaded|Win32 = Release Singlethreaded|Win32
		Release|Win32 = Release|Win32
	EndGlobalSection
	GlobalSection(ProjectConfigurationPlatforms) = postSolution
		{B2484088-7C14-4B45-94DB-24922A6DF718}.Debug Multithreaded|Win32.ActiveCfg = Debug|Win32
		{B2484088-7C14-4B45-94DB-24922A6DF718}.Debug Multithreaded|Win32.Build.0 = Debug|Win32
		{B2484088-7C14-4B45-94DB-24922A6DF718}.Debug Singlethreaded|Win32.ActiveCfg = Debug|Win32
		{B2484088-7C14-4B45-94DB-24922A6DF718}.Debug Singlethreaded|Win32.Build.0 = Debug|Win32
		{B2484088-7C14-4B45-94DB-24922A6DF718}.Debug|Win32.ActiveCfg = Debug|Win32
		{B2484088-7C14-4B45-94DB-24922A6DF718}.Debug|Win32.Build.0 = Debug|Win32
		{B2484088-7C14-4B45-94DB-24922A6DF718}.Release Multithreaded|Win32.ActiveCfg = Release|Win32
		{B2484088-7C14-4B45-94DB-24922A6DF718}.Release Multithreaded|Win32.Build.0 = Release|Win32
		{B2484088-7C14-4B45-94DB-24922A6DF718}.Release Singlethreaded|Win32.ActiveCfg = Release|Win32
		{B2484088-7C14-4B45-94DB-24922A6DF718}.Release Singlethreaded|Win32.Build.0 = Release|Win32
		{B2484088-7C14-4B45-94DB-24922A6DF718}.Release|Win32.ActiveCfg = Release|Win32
		{B2484088-7C14-4B45-94DB-24922A6DF718}.Release|Win32.Build.0 = Release|Win32
		{7C937D94-4929-4262-BAC9-C49028875F68}.Debug Multithreaded|Win32.ActiveCfg = Debug|Win32
		{7C937D94-4929-4262-BAC9-C49028875F68}.Debug Multithreaded|Win32.Build.0 = Debug|Win32
		{7C937D94-4929-4262-BAC9-C49028875F68}.Debug Singlethreaded|Win32.ActiveCfg = Debug|Win32
		{7C937D94-4929-4262-BAC9-C49028875F68}.Debug Singlethreaded|Win32.Build.0 = Debug|Win32
		{7C937D94-4929-4262-BAC9-C49028875F68}.Debug|Win32.ActiveCfg = Debug|Win32
		{7C937D94-4929-4262-BAC9-C49028875F68}.Debug|Win32.Build.0 = Debug|Win32
		{7C937D94-4929-4262-BAC9-C49028875F68}.Release Multithreaded|Win32.ActiveCfg = Release|Win32
		{7C937D94-4929-4262-BAC9-C49028875F68}.Release Multithreaded|Win32.Build.0 = Release|Win32
		{7C937D94-4929-4262-BAC9-C49028875F68}.Release Singlethreaded|Win32.ActiveCfg = Release|Win32
		{7C937D94-4929-4262-BAC9-C49028875F68}.Release Singlethreaded|Win32.Build.0 = Release|Win32
		{7C937D94-4929-4262-BAC9-C49028875F68}.Release|Win32.ActiveCfg = Release|Win32
		{7C937D94-4929-4262-BAC9-C49028875F68}.Release|Win32.Build.0 = Release|Win32
	EndGlobalSection
	GlobalSection(SolutionProperties) = preSolution
		HideSolutionNode = FALSE
	EndGlobalSection
EndGlobal
